
Microsoft Visual Studio Solution File, Format Version 12.00
# Visual Studio Version 16
VisualStudioVersion = 16.0.30114.105
MinimumVisualStudioVersion = 10.0.40219.1
Project("{9A19103F-16F7-4668-BE54-9A1E7A4F7556}") = "LogiSolver.Core", "LogiSolver.Core\LogiSolver.Core.csproj", "{DBDB3BDD-A293-48C7-BF33-D1B6242DFDB4}"
EndProject
Project("{9A19103F-16F7-4668-BE54-9A1E7A4F7556}") = "LogiSolver.CLI", "LogiSolver.CLI\LogiSolver.CLI.csproj", "{F8D3AA5D-CAFA-4612-B3D7-B35E6187F404}"
	ProjectSection(ProjectDependencies) = postProject
		{DBDB3BDD-A293-48C7-BF33-D1B6242DFDB4} = {DBDB3BDD-A293-48C7-BF33-D1B6242DFDB4}
	EndProjectSection
EndProject
Project("{9A19103F-16F7-4668-BE54-9A1E7A4F7556}") = "LogiSolver.Desktop", "LogiSolver.Desktop\LogiSolver.Desktop.csproj", "{EAB74858-7DA6-475C-9E71-E71150860C12}"
EndProject
Global
	GlobalSection(SolutionConfigurationPlatforms) = preSolution
		Debug|Any CPU = Debug|Any CPU
		Release|Any CPU = Release|Any CPU
	EndGlobalSection
	GlobalSection(ProjectConfigurationPlatforms) = postSolution
		{DBDB3BDD-A293-48C7-BF33-D1B6242DFDB4}.Debug|Any CPU.ActiveCfg = Debug|Any CPU
		{DBDB3BDD-A293-48C7-BF33-D1B6242DFDB4}.Debug|Any CPU.Build.0 = Debug|Any CPU
		{DBDB3BDD-A293-48C7-BF33-D1B6242DFDB4}.Release|Any CPU.ActiveCfg = Release|Any CPU
		{DBDB3BDD-A293-48C7-BF33-D1B6242DFDB4}.Release|Any CPU.Build.0 = Release|Any CPU
		{F8D3AA5D-CAFA-4612-B3D7-B35E6187F404}.Debug|Any CPU.ActiveCfg = Debug|Any CPU
		{F8D3AA5D-CAFA-4612-B3D7-B35E6187F404}.Debug|Any CPU.Build.0 = Debug|Any CPU
		{F8D3AA5D-CAFA-4612-B3D7-B35E6187F404}.Release|Any CPU.ActiveCfg = Release|Any CPU
		{F8D3AA5D-CAFA-4612-B3D7-B35E6187F404}.Release|Any CPU.Build.0 = Release|Any CPU
		{EAB74858-7DA6-475C-9E71-E71150860C12}.Debug|Any CPU.ActiveCfg = Debug|Any CPU
		{EAB74858-7DA6-475C-9E71-E71150860C12}.Debug|Any CPU.Build.0 = Debug|Any CPU
		{EAB74858-7DA6-475C-9E71-E71150860C12}.Release|Any CPU.ActiveCfg = Release|Any CPU
		{EAB74858-7DA6-475C-9E71-E71150860C12}.Release|Any CPU.Build.0 = Release|Any CPU
	EndGlobalSection
	GlobalSection(SolutionProperties) = preSolution
		HideSolutionNode = FALSE
	EndGlobalSection
	GlobalSection(ExtensibilityGlobals) = postSolution
		SolutionGuid = {FCD73CB6-6C1C-412A-BFA9-10759224C615}
	EndGlobalSection
EndGlobal
